
Microsoft Visual Studio Solution File, Format Version 12.00
# Visual Studio Version 16
VisualStudioVersion = 16.0.32802.440
MinimumVisualStudioVersion = 10.0.40219.1
Project("{FAE04EC0-301F-11D3-BF4B-00C04F79EFBC}") = "CapaBDatos", "CapaBDatos\CapaBDatos.csproj", "{81C3D8C6-0B71-4953-9202-479C8BF7907C}"
EndProject
Project("{FAE04EC0-301F-11D3-BF4B-00C04F79EFBC}") = "CapaDominio", "CapaDominio\CapaDominio.csproj", "{3EFDA3F8-9988-4E87-BF67-6743F0AC8001}"
EndProject
Project("{FAE04EC0-301F-11D3-BF4B-00C04F79EFBC}") = "CapaPresentación", "CapaPresentación\CapaPresentación.csproj", "{A154A33D-9A3A-4AD8-8435-96DDE8CA5A8D}"
EndProject
Project("{2150E333-8FDC-42A3-9474-1A3956D46DE8}") = "Solution Items", "Solution Items", "{FF18EB8B-C44B-482D-89FD-73ACC4D301A0}"
	ProjectSection(SolutionItems) = preProject
		.editorconfig = .editorconfig
	EndProjectSection
EndProject
Global
	GlobalSection(SolutionConfigurationPlatforms) = preSolution
		Debug|Any CPU = Debug|Any CPU
		Release|Any CPU = Release|Any CPU
	EndGlobalSection
	GlobalSection(ProjectConfigurationPlatforms) = postSolution
		{81C3D8C6-0B71-4953-9202-479C8BF7907C}.Debug|Any CPU.ActiveCfg = Debug|Any CPU
		{81C3D8C6-0B71-4953-9202-479C8BF7907C}.Debug|Any CPU.Build.0 = Debug|Any CPU
		{81C3D8C6-0B71-4953-9202-479C8BF7907C}.Release|Any CPU.ActiveCfg = Release|Any CPU
		{81C3D8C6-0B71-4953-9202-479C8BF7907C}.Release|Any CPU.Build.0 = Release|Any CPU
		{3EFDA3F8-9988-4E87-BF67-6743F0AC8001}.Debug|Any CPU.ActiveCfg = Debug|Any CPU
		{3EFDA3F8-9988-4E87-BF67-6743F0AC8001}.Debug|Any CPU.Build.0 = Debug|Any CPU
		{3EFDA3F8-9988-4E87-BF67-6743F0AC8001}.Release|Any CPU.ActiveCfg = Release|Any CPU
		{3EFDA3F8-9988-4E87-BF67-6743F0AC8001}.Release|Any CPU.Build.0 = Release|Any CPU
		{A154A33D-9A3A-4AD8-8435-96DDE8CA5A8D}.Debug|Any CPU.ActiveCfg = Debug|Any CPU
		{A154A33D-9A3A-4AD8-8435-96DDE8CA5A8D}.Debug|Any CPU.Build.0 = Debug|Any CPU
		{A154A33D-9A3A-4AD8-8435-96DDE8CA5A8D}.Release|Any CPU.ActiveCfg = Release|Any CPU
		{A154A33D-9A3A-4AD8-8435-96DDE8CA5A8D}.Release|Any CPU.Build.0 = Release|Any CPU
	EndGlobalSection
	GlobalSection(SolutionProperties) = preSolution
		HideSolutionNode = FALSE
	EndGlobalSection
	GlobalSection(ExtensibilityGlobals) = postSolution
		SolutionGuid = {31C731B1-C8D6-4395-A759-794AA571E543}
	EndGlobalSection
EndGlobal
